
Microsoft Visual Studio Solution File, Format Version 12.00
# Visual Studio 15
VisualStudioVersion = 15.0.28010.2036
MinimumVisualStudioVersion = 10.0.40219.1
Project("{8BC9CEB8-8B4A-11D0-8D11-00A0C91BC942}") = "popuptool.helper", "popuptool.helper\popuptool.helper.vcxproj", "{7933AE6D-0C7E-49A6-B550-329AAA1D22AC}"
EndProject
Global
	GlobalSection(SolutionConfigurationPlatforms) = preSolution
		Debug|x64 = Debug|x64
		Debug|x86 = Debug|x86
		Release|x64 = Release|x64
		Release|x86 = Release|x86
	EndGlobalSection
	GlobalSection(ProjectConfigurationPlatforms) = postSolution
		{7933AE6D-0C7E-49A6-B550-329AAA1D22AC}.Debug|x64.ActiveCfg = Debug|x64
		{7933AE6D-0C7E-49A6-B550-329AAA1D22AC}.Debug|x64.Build.0 = Debug|x64
		{7933AE6D-0C7E-49A6-B550-329AAA1D22AC}.Debug|x86.ActiveCfg = Debug|Win32
		{7933AE6D-0C7E-49A6-B550-329AAA1D22AC}.Debug|x86.Build.0 = Debug|Win32
		{7933AE6D-0C7E-49A6-B550-329AAA1D22AC}.Release|x64.ActiveCfg = Release|x64
		{7933AE6D-0C7E-49A6-B550-329AAA1D22AC}.Release|x64.Build.0 = Release|x64
		{7933AE6D-0C7E-49A6-B550-329AAA1D22AC}.Release|x86.ActiveCfg = Release|Win32
		{7933AE6D-0C7E-49A6-B550-329AAA1D22AC}.Release|x86.Build.0 = Release|Win32
	EndGlobalSection
	GlobalSection(SolutionProperties) = preSolution
		HideSolutionNode = FALSE
	EndGlobalSection
	GlobalSection(ExtensibilityGlobals) = postSolution
		SolutionGuid = {D52CBAD0-1AC9-4FFD-8821-E1F842D28723}
	EndGlobalSection
EndGlobal
